
Microsoft Visual Studio Solution File, Format Version 12.00
# Visual Studio Version 16
VisualStudioVersion = 16.0.29409.12
MinimumVisualStudioVersion = 10.0.40219.1
Project("{FAE04EC0-301F-11D3-BF4B-00C04F79EFBC}") = "MicroservicesNewsWebAPI", "MicroservicesNewsWebAPI\MicroservicesNewsWebAPI.csproj", "{63C09809-B248-4759-BA5C-A691BAD76D0A}"
EndProject
Project("{FAE04EC0-301F-11D3-BF4B-00C04F79EFBC}") = "Common", "Common\Common.csproj", "{5E1FF585-0FA9-440B-86D3-E68B68EF12B1}"
EndProject
Project("{FAE04EC0-301F-11D3-BF4B-00C04F79EFBC}") = "Grpc", "Grpc\Grpc.csproj", "{111A6C8D-4835-4CB6-9C28-9167CA550624}"
EndProject
Global
	GlobalSection(SolutionConfigurationPlatforms) = preSolution
		Debug|Any CPU = Debug|Any CPU
		Release|Any CPU = Release|Any CPU
	EndGlobalSection
	GlobalSection(ProjectConfigurationPlatforms) = postSolution
		{63C09809-B248-4759-BA5C-A691BAD76D0A}.Debug|Any CPU.ActiveCfg = Debug|Any CPU
		{63C09809-B248-4759-BA5C-A691BAD76D0A}.Debug|Any CPU.Build.0 = Debug|Any CPU
		{63C09809-B248-4759-BA5C-A691BAD76D0A}.Release|Any CPU.ActiveCfg = Release|Any CPU
		{63C09809-B248-4759-BA5C-A691BAD76D0A}.Release|Any CPU.Build.0 = Release|Any CPU
		{5E1FF585-0FA9-440B-86D3-E68B68EF12B1}.Debug|Any CPU.ActiveCfg = Debug|Any CPU
		{5E1FF585-0FA9-440B-86D3-E68B68EF12B1}.Debug|Any CPU.Build.0 = Debug|Any CPU
		{5E1FF585-0FA9-440B-86D3-E68B68EF12B1}.Release|Any CPU.ActiveCfg = Release|Any CPU
		{5E1FF585-0FA9-440B-86D3-E68B68EF12B1}.Release|Any CPU.Build.0 = Release|Any CPU
		{111A6C8D-4835-4CB6-9C28-9167CA550624}.Debug|Any CPU.ActiveCfg = Debug|Any CPU
		{111A6C8D-4835-4CB6-9C28-9167CA550624}.Debug|Any CPU.Build.0 = Debug|Any CPU
		{111A6C8D-4835-4CB6-9C28-9167CA550624}.Release|Any CPU.ActiveCfg = Release|Any CPU
		{111A6C8D-4835-4CB6-9C28-9167CA550624}.Release|Any CPU.Build.0 = Release|Any CPU
	EndGlobalSection
	GlobalSection(SolutionProperties) = preSolution
		HideSolutionNode = FALSE
	EndGlobalSection
	GlobalSection(ExtensibilityGlobals) = postSolution
		SolutionGuid = {2E638C6F-0B3C-4EAE-9BF4-5E0C87D564B8}
	EndGlobalSection
EndGlobal
