
Microsoft Visual Studio Solution File, Format Version 12.00
# Visual Studio Version 16
VisualStudioVersion = 16.0.29409.12
MinimumVisualStudioVersion = 10.0.40219.1
Project("{9A19103F-16F7-4668-BE54-9A1E7A4F7556}") = "MicroservicesMusicWebAPI", "MicroservicesMusicWebAPI\MicroservicesMusicWebAPI.csproj", "{AEF70E4B-4E27-4C52-897A-ACDBB60F47B7}"
EndProject
Project("{9A19103F-16F7-4668-BE54-9A1E7A4F7556}") = "Grpc", "Grpc\Grpc.csproj", "{48650EA4-406D-4C3B-9F6D-1E74DD9EAA00}"
EndProject
Project("{9A19103F-16F7-4668-BE54-9A1E7A4F7556}") = "Common", "Common\Common.csproj", "{F92E51EB-FC78-40CE-8AF3-9D9A4AC85B6F}"
EndProject
Global
	GlobalSection(SolutionConfigurationPlatforms) = preSolution
		Debug|Any CPU = Debug|Any CPU
		Release|Any CPU = Release|Any CPU
	EndGlobalSection
	GlobalSection(ProjectConfigurationPlatforms) = postSolution
		{AEF70E4B-4E27-4C52-897A-ACDBB60F47B7}.Debug|Any CPU.ActiveCfg = Debug|Any CPU
		{AEF70E4B-4E27-4C52-897A-ACDBB60F47B7}.Debug|Any CPU.Build.0 = Debug|Any CPU
		{AEF70E4B-4E27-4C52-897A-ACDBB60F47B7}.Release|Any CPU.ActiveCfg = Release|Any CPU
		{AEF70E4B-4E27-4C52-897A-ACDBB60F47B7}.Release|Any CPU.Build.0 = Release|Any CPU
		{48650EA4-406D-4C3B-9F6D-1E74DD9EAA00}.Debug|Any CPU.ActiveCfg = Debug|Any CPU
		{48650EA4-406D-4C3B-9F6D-1E74DD9EAA00}.Debug|Any CPU.Build.0 = Debug|Any CPU
		{48650EA4-406D-4C3B-9F6D-1E74DD9EAA00}.Release|Any CPU.ActiveCfg = Release|Any CPU
		{48650EA4-406D-4C3B-9F6D-1E74DD9EAA00}.Release|Any CPU.Build.0 = Release|Any CPU
		{F92E51EB-FC78-40CE-8AF3-9D9A4AC85B6F}.Debug|Any CPU.ActiveCfg = Debug|Any CPU
		{F92E51EB-FC78-40CE-8AF3-9D9A4AC85B6F}.Debug|Any CPU.Build.0 = Debug|Any CPU
		{F92E51EB-FC78-40CE-8AF3-9D9A4AC85B6F}.Release|Any CPU.ActiveCfg = Release|Any CPU
		{F92E51EB-FC78-40CE-8AF3-9D9A4AC85B6F}.Release|Any CPU.Build.0 = Release|Any CPU
	EndGlobalSection
	GlobalSection(SolutionProperties) = preSolution
		HideSolutionNode = FALSE
	EndGlobalSection
	GlobalSection(ExtensibilityGlobals) = postSolution
		SolutionGuid = {D1F13147-3023-4918-80D2-2FE233F06DC2}
	EndGlobalSection
EndGlobal
